{
  "name": "ffont",
  "version": "2.0.2",
  "lockfileVersion": 2,
  "requires": true,
  "packages": {
    "": {
      "name": "ffont",
      "version": "2.0.2",
      "license": "ISC",
      "dependencies": {
        "colors": "^1.4.0",
        "esm": "^3.2.25"
      },
      "bin": {
        "ffont": "ffont.js"
      }
    },
    "node_modules/colors": {
      "version": "1.4.0",
      "license": "MIT",
      "engines": {
        "node": ">=0.1.90"
      }
    },
    "node_modules/esm": {
      "version": "3.2.25",
      "license": "MIT",
      "engines": {
        "node": ">=6"
      }
    }
  },
  "dependencies": {
    "colors": {
      "version": "1.4.0"
    },
    "esm": {
      "version": "3.2.25"
    }
  }
}
